// !$*UTF8*$!
{
	archiveVersion = 1;
	classes = {
	};
	objectVersion = 50;
	objects = {

/* Begin PBXBuildFile section */
		46886D60229DD293002E1D5C /* AppDelegate.swift in Sources */ = {isa = PBXBuildFile; fileRef = 46886D5F229DD293002E1D5C /* AppDelegate.swift */; };
		46886D67229DD294002E1D5C /* Assets.xcassets in Resources */ = {isa = PBXBuildFile; fileRef = 46886D66229DD294002E1D5C /* Assets.xcassets */; };
		46886D6A229DD294002E1D5C /* LaunchScreen.storyboard in Resources */ = {isa = PBXBuildFile; fileRef = 46886D68229DD294002E1D5C /* LaunchScreen.storyboard */; };
		46886D7E229DD4F7002E1D5C /* RatePresenter.swift in Sources */ = {isa = PBXBuildFile; fileRef = 46886D78229DD4F7002E1D5C /* RatePresenter.swift */; };
		46886D7F229DD4F7002E1D5C /* RateWorker.swift in Sources */ = {isa = PBXBuildFile; fileRef = 46886D79229DD4F7002E1D5C /* RateWorker.swift */; };
		46886D80229DD4F7002E1D5C /* RateRouter.swift in Sources */ = {isa = PBXBuildFile; fileRef = 46886D7A229DD4F7002E1D5C /* RateRouter.swift */; };
		46886D81229DD4F7002E1D5C /* RateModels.swift in Sources */ = {isa = PBXBuildFile; fileRef = 46886D7B229DD4F7002E1D5C /* RateModels.swift */; };
		46886D82229DD4F7002E1D5C /* RateViewController.swift in Sources */ = {isa = PBXBuildFile; fileRef = 46886D7C229DD4F7002E1D5C /* RateViewController.swift */; };
		46886D83229DD4F7002E1D5C /* RateInteractor.swift in Sources */ = {isa = PBXBuildFile; fileRef = 46886D7D229DD4F7002E1D5C /* RateInteractor.swift */; };
		46886D8A229DD50F002E1D5C /* HomePresenter.swift in Sources */ = {isa = PBXBuildFile; fileRef = 46886D84229DD50F002E1D5C /* HomePresenter.swift */; };
		46886D8B229DD50F002E1D5C /* HomeWorker.swift in Sources */ = {isa = PBXBuildFile; fileRef = 46886D85229DD50F002E1D5C /* HomeWorker.swift */; };
		46886D8C229DD50F002E1D5C /* HomeRouter.swift in Sources */ = {isa = PBXBuildFile; fileRef = 46886D86229DD50F002E1D5C /* HomeRouter.swift */; };
		46886D8D229DD50F002E1D5C /* HomeModels.swift in Sources */ = {isa = PBXBuildFile; fileRef = 46886D87229DD50F002E1D5C /* HomeModels.swift */; };
		46886D8E229DD50F002E1D5C /* HomeViewController.swift in Sources */ = {isa = PBXBuildFile; fileRef = 46886D88229DD50F002E1D5C /* HomeViewController.swift */; };
		46886D8F229DD50F002E1D5C /* HomeInteractor.swift in Sources */ = {isa = PBXBuildFile; fileRef = 46886D89229DD50F002E1D5C /* HomeInteractor.swift */; };
		46886D91229DD524002E1D5C /* Home.storyboard in Resources */ = {isa = PBXBuildFile; fileRef = 46886D90229DD524002E1D5C /* Home.storyboard */; };
		46886D93229DD530002E1D5C /* Rate.storyboard in Resources */ = {isa = PBXBuildFile; fileRef = 46886D92229DD530002E1D5C /* Rate.storyboard */; };
		DB2D0C31AF7DEC0D3FCF9949 /* Pods_CurrencyViewer.framework in Frameworks */ = {isa = PBXBuildFile; fileRef = 68861134C6F3346F42C6738D /* Pods_CurrencyViewer.framework */; };
/* End PBXBuildFile section */

/* Begin PBXFileReference section */
		46886D5C229DD293002E1D5C /* CurrencyViewer.app */ = {isa = PBXFileReference; explicitFileType = wrapper.application; includeInIndex = 0; path = CurrencyViewer.app; sourceTree = BUILT_PRODUCTS_DIR; };
		46886D5F229DD293002E1D5C /* AppDelegate.swift */ = {isa = PBXFileReference; lastKnownFileType = sourcecode.swift; path = AppDelegate.swift; sourceTree = "<group>"; };
		46886D66229DD294002E1D5C /* Assets.xcassets */ = {isa = PBXFileReference; lastKnownFileType = folder.assetcatalog; path = Assets.xcassets; sourceTree = "<group>"; };
		46886D69229DD294002E1D5C /* Base */ = {isa = PBXFileReference; lastKnownFileType = file.storyboard; name = Base; path = Base.lproj/LaunchScreen.storyboard; sourceTree = "<group>"; };
		46886D6B229DD294002E1D5C /* Info.plist */ = {isa = PBXFileReference; lastKnownFileType = text.plist.xml; path = Info.plist; sourceTree = "<group>"; };
		46886D78229DD4F7002E1D5C /* RatePresenter.swift */ = {isa = PBXFileReference; lastKnownFileType = sourcecode.swift; path = RatePresenter.swift; sourceTree = "<group>"; };
		46886D79229DD4F7002E1D5C /* RateWorker.swift */ = {isa = PBXFileReference; lastKnownFileType = sourcecode.swift; path = RateWorker.swift; sourceTree = "<group>"; };
		46886D7A229DD4F7002E1D5C /* RateRouter.swift */ = {isa = PBXFileReference; lastKnownFileType = sourcecode.swift; path = RateRouter.swift; sourceTree = "<group>"; };
		46886D7B229DD4F7002E1D5C /* RateModels.swift */ = {isa = PBXFileReference; lastKnownFileType = sourcecode.swift; path = RateModels.swift; sourceTree = "<group>"; };
		46886D7C229DD4F7002E1D5C /* RateViewController.swift */ = {isa = PBXFileReference; lastKnownFileType = sourcecode.swift; path = RateViewController.swift; sourceTree = "<group>"; };
		46886D7D229DD4F7002E1D5C /* RateInteractor.swift */ = {isa = PBXFileReference; lastKnownFileType = sourcecode.swift; path = RateInteractor.swift; sourceTree = "<group>"; };
		46886D84229DD50F002E1D5C /* HomePresenter.swift */ = {isa = PBXFileReference; lastKnownFileType = sourcecode.swift; path = HomePresenter.swift; sourceTree = "<group>"; };
		46886D85229DD50F002E1D5C /* HomeWorker.swift */ = {isa = PBXFileReference; lastKnownFileType = sourcecode.swift; path = HomeWorker.swift; sourceTree = "<group>"; };
		46886D86229DD50F002E1D5C /* HomeRouter.swift */ = {isa = PBXFileReference; lastKnownFileType = sourcecode.swift; path = HomeRouter.swift; sourceTree = "<group>"; };
		46886D87229DD50F002E1D5C /* HomeModels.swift */ = {isa = PBXFileReference; lastKnownFileType = sourcecode.swift; path = HomeModels.swift; sourceTree = "<group>"; };
		46886D88229DD50F002E1D5C /* HomeViewController.swift */ = {isa = PBXFileReference; lastKnownFileType = sourcecode.swift; path = HomeViewController.swift; sourceTree = "<group>"; };
		46886D89229DD50F002E1D5C /* HomeInteractor.swift */ = {isa = PBXFileReference; lastKnownFileType = sourcecode.swift; path = HomeInteractor.swift; sourceTree = "<group>"; };
		46886D90229DD524002E1D5C /* Home.storyboard */ = {isa = PBXFileReference; lastKnownFileType = file.storyboard; path = Home.storyboard; sourceTree = "<group>"; };
		46886D92229DD530002E1D5C /* Rate.storyboard */ = {isa = PBXFileReference; lastKnownFileType = file.storyboard; path = Rate.storyboard; sourceTree = "<group>"; };
		68861134C6F3346F42C6738D /* Pods_CurrencyViewer.framework */ = {isa = PBXFileReference; explicitFileType = wrapper.framework; includeInIndex = 0; path = Pods_CurrencyViewer.framework; sourceTree = BUILT_PRODUCTS_DIR; };
		7678BADC48D93D6EC4408AA4 /* Pods-CurrencyViewer.release.xcconfig */ = {isa = PBXFileReference; includeInIndex = 1; lastKnownFileType = text.xcconfig; name = "Pods-CurrencyViewer.release.xcconfig"; path = "Target Support Files/Pods-CurrencyViewer/Pods-CurrencyViewer.release.xcconfig"; sourceTree = "<group>"; };
		A73ABA5C9DBFB6EE1DD8A376 /* Pods-CurrencyViewer.debug.xcconfig */ = {isa = PBXFileReference; includeInIndex = 1; lastKnownFileType = text.xcconfig; name = "Pods-CurrencyViewer.debug.xcconfig"; path = "Target Support Files/Pods-CurrencyViewer/Pods-CurrencyViewer.debug.xcconfig"; sourceTree = "<group>"; };
/* End PBXFileReference section */

/* Begin PBXFrameworksBuildPhase section */
		46886D59229DD293002E1D5C /* Frameworks */ = {
			isa = PBXFrameworksBuildPhase;
			buildActionMask = 2147483647;
			files = (
				DB2D0C31AF7DEC0D3FCF9949 /* Pods_CurrencyViewer.framework in Frameworks */,
			);
			runOnlyForDeploymentPostprocessing = 0;
		};
/* End PBXFrameworksBuildPhase section */

/* Begin PBXGroup section */
		46886D53229DD293002E1D5C = {
			isa = PBXGroup;
			children = (
				46886D5E229DD293002E1D5C /* CurrencyViewer */,
				46886D5D229DD293002E1D5C /* Products */,
				F691768BA5CF865CF038B6DE /* Pods */,
				CDC53D366AF1D39FA97EDE51 /* Frameworks */,
			);
			sourceTree = "<group>";
		};
		46886D5D229DD293002E1D5C /* Products */ = {
			isa = PBXGroup;
			children = (
				46886D5C229DD293002E1D5C /* CurrencyViewer.app */,
			);
			name = Products;
			sourceTree = "<group>";
		};
		46886D5E229DD293002E1D5C /* CurrencyViewer */ = {
			isa = PBXGroup;
			children = (
				46886D71229DD39A002E1D5C /* Helpers */,
				46886D75229DD41D002E1D5C /* Storyboards */,
				46886D73229DD3C6002E1D5C /* Scenes */,
				46886D72229DD3AE002E1D5C /* Resources */,
			);
			path = CurrencyViewer;
			sourceTree = "<group>";
		};
		46886D71229DD39A002E1D5C /* Helpers */ = {
			isa = PBXGroup;
			children = (
			);
			path = Helpers;
			sourceTree = "<group>";
		};
		46886D72229DD3AE002E1D5C /* Resources */ = {
			isa = PBXGroup;
			children = (
				46886D5F229DD293002E1D5C /* AppDelegate.swift */,
				46886D66229DD294002E1D5C /* Assets.xcassets */,
				46886D6B229DD294002E1D5C /* Info.plist */,
			);
			path = Resources;
			sourceTree = "<group>";
		};
		46886D73229DD3C6002E1D5C /* Scenes */ = {
			isa = PBXGroup;
			children = (
				46886D77229DD47F002E1D5C /* Rate */,
				46886D76229DD446002E1D5C /* Home */,
			);
			path = Scenes;
			sourceTree = "<group>";
		};
		46886D75229DD41D002E1D5C /* Storyboards */ = {
			isa = PBXGroup;
			children = (
				46886D68229DD294002E1D5C /* LaunchScreen.storyboard */,
				46886D90229DD524002E1D5C /* Home.storyboard */,
				46886D92229DD530002E1D5C /* Rate.storyboard */,
			);
			path = Storyboards;
			sourceTree = "<group>";
		};
		46886D76229DD446002E1D5C /* Home */ = {
			isa = PBXGroup;
			children = (
				46886D84229DD50F002E1D5C /* HomePresenter.swift */,
				46886D85229DD50F002E1D5C /* HomeWorker.swift */,
				46886D86229DD50F002E1D5C /* HomeRouter.swift */,
				46886D87229DD50F002E1D5C /* HomeModels.swift */,
				46886D88229DD50F002E1D5C /* HomeViewController.swift */,
				46886D89229DD50F002E1D5C /* HomeInteractor.swift */,
			);
			path = Home;
			sourceTree = "<group>";
		};
		46886D77229DD47F002E1D5C /* Rate */ = {
			isa = PBXGroup;
			children = (
				46886D78229DD4F7002E1D5C /* RatePresenter.swift */,
				46886D79229DD4F7002E1D5C /* RateWorker.swift */,
				46886D7A229DD4F7002E1D5C /* RateRouter.swift */,
				46886D7B229DD4F7002E1D5C /* RateModels.swift */,
				46886D7C229DD4F7002E1D5C /* RateViewController.swift */,
				46886D7D229DD4F7002E1D5C /* RateInteractor.swift */,
			);
			path = Rate;
			sourceTree = "<group>";
		};
		CDC53D366AF1D39FA97EDE51 /* Frameworks */ = {
			isa = PBXGroup;
			children = (
				68861134C6F3346F42C6738D /* Pods_CurrencyViewer.framework */,
			);
			name = Frameworks;
			sourceTree = "<group>";
		};
		F691768BA5CF865CF038B6DE /* Pods */ = {
			isa = PBXGroup;
			children = (
				A73ABA5C9DBFB6EE1DD8A376 /* Pods-CurrencyViewer.debug.xcconfig */,
				7678BADC48D93D6EC4408AA4 /* Pods-CurrencyViewer.release.xcconfig */,
			);
			name = Pods;
			path = Pods;
			sourceTree = "<group>";
		};
/* End PBXGroup section */

/* Begin PBXNativeTarget section */
		46886D5B229DD293002E1D5C /* CurrencyViewer */ = {
			isa = PBXNativeTarget;
			buildConfigurationList = 46886D6E229DD294002E1D5C /* Build configuration list for PBXNativeTarget "CurrencyViewer" */;
			buildPhases = (
				D0487C0DCEEA037A40F95E3C /* [CP] Check Pods Manifest.lock */,
				46886D58229DD293002E1D5C /* Sources */,
				46886D59229DD293002E1D5C /* Frameworks */,
				46886D5A229DD293002E1D5C /* Resources */,
				2A595B8B4714C8D2A9C947F1 /* [CP] Embed Pods Frameworks */,
			);
			buildRules = (
			);
			dependencies = (
			);
			name = CurrencyViewer;
			productName = CurrencyViewer;
			productReference = 46886D5C229DD293002E1D5C /* CurrencyViewer.app */;
			productType = "com.apple.product-type.application";
		};
/* End PBXNativeTarget section */

/* Begin PBXProject section */
		46886D54229DD293002E1D5C /* Project object */ = {
			isa = PBXProject;
			attributes = {
				LastSwiftUpdateCheck = 1020;
				LastUpgradeCheck = 1020;
				ORGANIZATIONNAME = "Dmitrii Leksashov";
				TargetAttributes = {
					46886D5B229DD293002E1D5C = {
						CreatedOnToolsVersion = 10.2.1;
					};
				};
			};
			buildConfigurationList = 46886D57229DD293002E1D5C /* Build configuration list for PBXProject "CurrencyViewer" */;
			compatibilityVersion = "Xcode 9.3";
			developmentRegion = en;
			hasScannedForEncodings = 0;
			knownRegions = (
				en,
				Base,
			);
			mainGroup = 46886D53229DD293002E1D5C;
			productRefGroup = 46886D5D229DD293002E1D5C /* Products */;
			projectDirPath = "";
			projectRoot = "";
			targets = (
				46886D5B229DD293002E1D5C /* CurrencyViewer */,
			);
		};
/* End PBXProject section */

/* Begin PBXResourcesBuildPhase section */
		46886D5A229DD293002E1D5C /* Resources */ = {
			isa = PBXResourcesBuildPhase;
			buildActionMask = 2147483647;
			files = (
				46886D91229DD524002E1D5C /* Home.storyboard in Resources */,
				46886D6A229DD294002E1D5C /* LaunchScreen.storyboard in Resources */,
				46886D93229DD530002E1D5C /* Rate.storyboard in Resources */,
				46886D67229DD294002E1D5C /* Assets.xcassets in Resources */,
			);
			runOnlyForDeploymentPostprocessing = 0;
		};
/* End PBXResourcesBuildPhase section */

/* Begin PBXShellScriptBuildPhase section */
		2A595B8B4714C8D2A9C947F1 /* [CP] Embed Pods Frameworks */ = {
			isa = PBXShellScriptBuildPhase;
			buildActionMask = 2147483647;
			files = (
			);
			inputFileListPaths = (
				"${PODS_ROOT}/Target Support Files/Pods-CurrencyViewer/Pods-CurrencyViewer-frameworks-${CONFIGURATION}-input-files.xcfilelist",
			);
			name = "[CP] Embed Pods Frameworks";
			outputFileListPaths = (
				"${PODS_ROOT}/Target Support Files/Pods-CurrencyViewer/Pods-CurrencyViewer-frameworks-${CONFIGURATION}-output-files.xcfilelist",
			);
			runOnlyForDeploymentPostprocessing = 0;
			shellPath = /bin/sh;
			shellScript = "\"${PODS_ROOT}/Target Support Files/Pods-CurrencyViewer/Pods-CurrencyViewer-frameworks.sh\"\n";
			showEnvVarsInLog = 0;
		};
		D0487C0DCEEA037A40F95E3C /* [CP] Check Pods Manifest.lock */ = {
			isa = PBXShellScriptBuildPhase;
			buildActionMask = 2147483647;
			files = (
			);
			inputFileListPaths = (
			);
			inputPaths = (
				"${PODS_PODFILE_DIR_PATH}/Podfile.lock",
				"${PODS_ROOT}/Manifest.lock",
			);
			name = "[CP] Check Pods Manifest.lock";
			outputFileListPaths = (
			);
			outputPaths = (
				"$(DERIVED_FILE_DIR)/Pods-CurrencyViewer-checkManifestLockResult.txt",
			);
			runOnlyForDeploymentPostprocessing = 0;
			shellPath = /bin/sh;
			shellScript = "diff \"${PODS_PODFILE_DIR_PATH}/Podfile.lock\" \"${PODS_ROOT}/Manifest.lock\" > /dev/null\nif [ $? != 0 ] ; then\n    # print error to STDERR\n    echo \"error: The sandbox is not in sync with the Podfile.lock. Run 'pod install' or update your CocoaPods installation.\" >&2\n    exit 1\nfi\n# This output is used by Xcode 'outputs' to avoid re-running this script phase.\necho \"SUCCESS\" > \"${SCRIPT_OUTPUT_FILE_0}\"\n";
			showEnvVarsInLog = 0;
		};
/* End PBXShellScriptBuildPhase section */

/* Begin PBXSourcesBuildPhase section */
		46886D58229DD293002E1D5C /* Sources */ = {
			isa = PBXSourcesBuildPhase;
			buildActionMask = 2147483647;
			files = (
				46886D82229DD4F7002E1D5C /* RateViewController.swift in Sources */,
				46886D8B229DD50F002E1D5C /* HomeWorker.swift in Sources */,
				46886D80229DD4F7002E1D5C /* RateRouter.swift in Sources */,
				46886D7E229DD4F7002E1D5C /* RatePresenter.swift in Sources */,
				46886D7F229DD4F7002E1D5C /* RateWorker.swift in Sources */,
				46886D81229DD4F7002E1D5C /* RateModels.swift in Sources */,
				46886D83229DD4F7002E1D5C /* RateInteractor.swift in Sources */,
				46886D8F229DD50F002E1D5C /* HomeInteractor.swift in Sources */,
				46886D60229DD293002E1D5C /* AppDelegate.swift in Sources */,
				46886D8A229DD50F002E1D5C /* HomePresenter.swift in Sources */,
				46886D8C229DD50F002E1D5C /* HomeRouter.swift in Sources */,
				46886D8D229DD50F002E1D5C /* HomeModels.swift in Sources */,
				46886D8E229DD50F002E1D5C /* HomeViewController.swift in Sources */,
			);
			runOnlyForDeploymentPostprocessing = 0;
		};
/* End PBXSourcesBuildPhase section */

/* Begin PBXVariantGroup section */
		46886D68229DD294002E1D5C /* LaunchScreen.storyboard */ = {
			isa = PBXVariantGroup;
			children = (
				46886D69229DD294002E1D5C /* Base */,
			);
			name = LaunchScreen.storyboard;
			sourceTree = "<group>";
		};
/* End PBXVariantGroup section */

/* Begin XCBuildConfiguration section */
		46886D6C229DD294002E1D5C /* Debug */ = {
			isa = XCBuildConfiguration;
			buildSettings = {
				ALWAYS_SEARCH_USER_PATHS = NO;
				CLANG_ANALYZER_NONNULL = YES;
				CLANG_ANALYZER_NUMBER_OBJECT_CONVERSION = YES_AGGRESSIVE;
				CLANG_CXX_LANGUAGE_STANDARD = "gnu++14";
				CLANG_CXX_LIBRARY = "libc++";
				CLANG_ENABLE_MODULES = YES;
				CLANG_ENABLE_OBJC_ARC = YES;
				CLANG_ENABLE_OBJC_WEAK = YES;
				CLANG_WARN_BLOCK_CAPTURE_AUTORELEASING = YES;
				CLANG_WARN_BOOL_CONVERSION = YES;
				CLANG_WARN_COMMA = YES;
				CLANG_WARN_CONSTANT_CONVERSION = YES;
				CLANG_WARN_DEPRECATED_OBJC_IMPLEMENTATIONS = YES;
				CLANG_WARN_DIRECT_OBJC_ISA_USAGE = YES_ERROR;
				CLANG_WARN_DOCUMENTATION_COMMENTS = YES;
				CLANG_WARN_EMPTY_BODY = YES;
				CLANG_WARN_ENUM_CONVERSION = YES;
				CLANG_WARN_INFINITE_RECURSION = YES;
				CLANG_WARN_INT_CONVERSION = YES;
				CLANG_WARN_NON_LITERAL_NULL_CONVERSION = YES;
				CLANG_WARN_OBJC_IMPLICIT_RETAIN_SELF = YES;
				CLANG_WARN_OBJC_LITERAL_CONVERSION = YES;
				CLANG_WARN_OBJC_ROOT_CLASS = YES_ERROR;
				CLANG_WARN_RANGE_LOOP_ANALYSIS = YES;
				CLANG_WARN_STRICT_PROTOTYPES = YES;
				CLANG_WARN_SUSPICIOUS_MOVE = YES;
				CLANG_WARN_UNGUARDED_AVAILABILITY = YES_AGGRESSIVE;
				CLANG_WARN_UNREACHABLE_CODE = YES;
				CLANG_WARN__DUPLICATE_METHOD_MATCH = YES;
				CODE_SIGN_IDENTITY = "iPhone Developer";
				COPY_PHASE_STRIP = NO;
				DEBUG_INFORMATION_FORMAT = dwarf;
				ENABLE_STRICT_OBJC_MSGSEND = YES;
				ENABLE_TESTABILITY = YES;
				GCC_C_LANGUAGE_STANDARD = gnu11;
				GCC_DYNAMIC_NO_PIC = NO;
				GCC_NO_COMMON_BLOCKS = YES;
				GCC_OPTIMIZATION_LEVEL = 0;
				GCC_PREPROCESSOR_DEFINITIONS = (
					"DEBUG=1",
					"$(inherited)",
				);
				GCC_WARN_64_TO_32_BIT_CONVERSION = YES;
				GCC_WARN_ABOUT_RETURN_TYPE = YES_ERROR;
				GCC_WARN_UNDECLARED_SELECTOR = YES;
				GCC_WARN_UNINITIALIZED_AUTOS = YES_AGGRESSIVE;
				GCC_WARN_UNUSED_FUNCTION = YES;
				GCC_WARN_UNUSED_VARIABLE = YES;
				IPHONEOS_DEPLOYMENT_TARGET = 12.2;
				MTL_ENABLE_DEBUG_INFO = INCLUDE_SOURCE;
				MTL_FAST_MATH = YES;
				ONLY_ACTIVE_ARCH = YES;
				SDKROOT = iphoneos;
				SWIFT_ACTIVE_COMPILATION_CONDITIONS = DEBUG;
				SWIFT_OPTIMIZATION_LEVEL = "-Onone";
			};
			name = Debug;
		};
		46886D6D229DD294002E1D5C /* Release */ = {
			isa = XCBuildConfiguration;
			buildSettings = {
				ALWAYS_SEARCH_USER_PATHS = NO;
				CLANG_ANALYZER_NONNULL = YES;
				CLANG_ANALYZER_NUMBER_OBJECT_CONVERSION = YES_AGGRESSIVE;
				CLANG_CXX_LANGUAGE_STANDARD = "gnu++14";
				CLANG_CXX_LIBRARY = "libc++";
				CLANG_ENABLE_MODULES = YES;
				CLANG_ENABLE_OBJC_ARC = YES;
				CLANG_ENABLE_OBJC_WEAK = YES;
				CLANG_WARN_BLOCK_CAPTURE_AUTORELEASING = YES;
				CLANG_WARN_BOOL_CONVERSION = YES;
				CLANG_WARN_COMMA = YES;
				CLANG_WARN_CONSTANT_CONVERSION = YES;
				CLANG_WARN_DEPRECATED_OBJC_IMPLEMENTATIONS = YES;
				CLANG_WARN_DIRECT_OBJC_ISA_USAGE = YES_ERROR;
				CLANG_WARN_DOCUMENTATION_COMMENTS = YES;
				CLANG_WARN_EMPTY_BODY = YES;
				CLANG_WARN_ENUM_CONVERSION = YES;
				CLANG_WARN_INFINITE_RECURSION = YES;
				CLANG_WARN_INT_CONVERSION = YES;
				CLANG_WARN_NON_LITERAL_NULL_CONVERSION = YES;
				CLANG_WARN_OBJC_IMPLICIT_RETAIN_SELF = YES;
				CLANG_WARN_OBJC_LITERAL_CONVERSION = YES;
				CLANG_WARN_OBJC_ROOT_CLASS = YES_ERROR;
				CLANG_WARN_RANGE_LOOP_ANALYSIS = YES;
				CLANG_WARN_STRICT_PROTOTYPES = YES;
				CLANG_WARN_SUSPICIOUS_MOVE = YES;
				CLANG_WARN_UNGUARDED_AVAILABILITY = YES_AGGRESSIVE;
				CLANG_WARN_UNREACHABLE_CODE = YES;
				CLANG_WARN__DUPLICATE_METHOD_MATCH = YES;
				CODE_SIGN_IDENTITY = "iPhone Developer";
				COPY_PHASE_STRIP = NO;
				DEBUG_INFORMATION_FORMAT = "dwarf-with-dsym";
				ENABLE_NS_ASSERTIONS = NO;
				ENABLE_STRICT_OBJC_MSGSEND = YES;
				GCC_C_LANGUAGE_STANDARD = gnu11;
				GCC_NO_COMMON_BLOCKS = YES;
				GCC_WARN_64_TO_32_BIT_CONVERSION = YES;
				GCC_WARN_ABOUT_RETURN_TYPE = YES_ERROR;
				GCC_WARN_UNDECLARED_SELECTOR = YES;
				GCC_WARN_UNINITIALIZED_AUTOS = YES_AGGRESSIVE;
				GCC_WARN_UNUSED_FUNCTION = YES;
				GCC_WARN_UNUSED_VARIABLE = YES;
				IPHONEOS_DEPLOYMENT_TARGET = 12.2;
				MTL_ENABLE_DEBUG_INFO = NO;
				MTL_FAST_MATH = YES;
				SDKROOT = iphoneos;
				SWIFT_COMPILATION_MODE = wholemodule;
				SWIFT_OPTIMIZATION_LEVEL = "-O";
				VALIDATE_PRODUCT = YES;
			};
			name = Release;
		};
		46886D6F229DD294002E1D5C /* Debug */ = {
			isa = XCBuildConfiguration;
			baseConfigurationReference = A73ABA5C9DBFB6EE1DD8A376 /* Pods-CurrencyViewer.debug.xcconfig */;
			buildSettings = {
				ASSETCATALOG_COMPILER_APPICON_NAME = AppIcon;
				CODE_SIGN_STYLE = Automatic;
				DEVELOPMENT_TEAM = R77MFDNSDD;
				INFOPLIST_FILE = "$(SRCROOT)/CurrencyViewer/Resources/Info.plist";
				LD_RUNPATH_SEARCH_PATHS = (
					"$(inherited)",
					"@executable_path/Frameworks",
				);
				PRODUCT_BUNDLE_IDENTIFIER = ru.dielapps.CurrencyViewer;
				PRODUCT_NAME = "$(TARGET_NAME)";
				SWIFT_VERSION = 5.0;
				TARGETED_DEVICE_FAMILY = "1,2";
			};
			name = Debug;
		};
		46886D70229DD294002E1D5C /* Release */ = {
			isa = XCBuildConfiguration;
			baseConfigurationReference = 7678BADC48D93D6EC4408AA4 /* Pods-CurrencyViewer.release.xcconfig */;
			buildSettings = {
				ASSETCATALOG_COMPILER_APPICON_NAME = AppIcon;
				CODE_SIGN_STYLE = Automatic;
				DEVELOPMENT_TEAM = R77MFDNSDD;
				INFOPLIST_FILE = "$(SRCROOT)/CurrencyViewer/Resources/Info.plist";
				LD_RUNPATH_SEARCH_PATHS = (
					"$(inherited)",
					"@executable_path/Frameworks",
				);
				PRODUCT_BUNDLE_IDENTIFIER = ru.dielapps.CurrencyViewer;
				PRODUCT_NAME = "$(TARGET_NAME)";
				SWIFT_VERSION = 5.0;
				TARGETED_DEVICE_FAMILY = "1,2";
			};
			name = Release;
		};
/* End XCBuildConfiguration section */

/* Begin XCConfigurationList section */
		46886D57229DD293002E1D5C /* Build configuration list for PBXProject "CurrencyViewer" */ = {
			isa = XCConfigurationList;
			buildConfigurations = (
				46886D6C229DD294002E1D5C /* Debug */,
				46886D6D229DD294002E1D5C /* Release */,
			);
			defaultConfigurationIsVisible = 0;
			defaultConfigurationName = Release;
		};
		46886D6E229DD294002E1D5C /* Build configuration list for PBXNativeTarget "CurrencyViewer" */ = {
			isa = XCConfigurationList;
			buildConfigurations = (
				46886D6F229DD294002E1D5C /* Debug */,
				46886D70229DD294002E1D5C /* Release */,
			);
			defaultConfigurationIsVisible = 0;
			defaultConfigurationName = Release;
		};
/* End XCConfigurationList section */
	};
	rootObject = 46886D54229DD293002E1D5C /* Project object */;
}
